
Microsoft Visual Studio Solution File, Format Version 12.00
# Visual Studio Version 17
VisualStudioVersion = 17.13.35828.75 d17.13
MinimumVisualStudioVersion = 10.0.40219.1
Project("{FAE04EC0-301F-11D3-BF4B-00C04F79EFBC}") = "VehicleRental", "VehicleRental.csproj", "{7CDFC53C-4DB8-4A63-963A-C9F974B9816E}"
EndProject
Global
	GlobalSection(SolutionConfigurationPlatforms) = preSolution
		Debug|Any CPU = Debug|Any CPU
		Release|Any CPU = Release|Any CPU
	EndGlobalSection
	GlobalSection(ProjectConfigurationPlatforms) = postSolution
		{7CDFC53C-4DB8-4A63-963A-C9F974B9816E}.Debug|Any CPU.ActiveCfg = Debug|Any CPU
		{7CDFC53C-4DB8-4A63-963A-C9F974B9816E}.Debug|Any CPU.Build.0 = Debug|Any CPU
		{7CDFC53C-4DB8-4A63-963A-C9F974B9816E}.Release|Any CPU.ActiveCfg = Release|Any CPU
		{7CDFC53C-4DB8-4A63-963A-C9F974B9816E}.Release|Any CPU.Build.0 = Release|Any CPU
	EndGlobalSection
	GlobalSection(SolutionProperties) = preSolution
		HideSolutionNode = FALSE
	EndGlobalSection
	GlobalSection(ExtensibilityGlobals) = postSolution
		SolutionGuid = {6C62DCB6-EBA4-4CBD-BDB5-41FAE680C642}
	EndGlobalSection
EndGlobal
